
Microsoft Visual Studio Solution File, Format Version 12.00
# Visual Studio Version 16
VisualStudioVersion = 16.0.32002.261
MinimumVisualStudioVersion = 10.0.40219.1
Project("{FAE04EC0-301F-11D3-BF4B-00C04F79EFBC}") = "FileStrem,FileIO", "FileStrem,FileIO\FileStrem,FileIO.csproj", "{1AB1A3D7-899E-4528-9DB5-F0AB525930CA}"
EndProject
Global
	GlobalSection(SolutionConfigurationPlatforms) = preSolution
		Debug|Any CPU = Debug|Any CPU
		Release|Any CPU = Release|Any CPU
	EndGlobalSection
	GlobalSection(ProjectConfigurationPlatforms) = postSolution
		{1AB1A3D7-899E-4528-9DB5-F0AB525930CA}.Debug|Any CPU.ActiveCfg = Debug|Any CPU
		{1AB1A3D7-899E-4528-9DB5-F0AB525930CA}.Debug|Any CPU.Build.0 = Debug|Any CPU
		{1AB1A3D7-899E-4528-9DB5-F0AB525930CA}.Release|Any CPU.ActiveCfg = Release|Any CPU
		{1AB1A3D7-899E-4528-9DB5-F0AB525930CA}.Release|Any CPU.Build.0 = Release|Any CPU
	EndGlobalSection
	GlobalSection(SolutionProperties) = preSolution
		HideSolutionNode = FALSE
	EndGlobalSection
	GlobalSection(ExtensibilityGlobals) = postSolution
		SolutionGuid = {0AE9449F-ACD3-4C75-B930-3E2DAA511865}
	EndGlobalSection
EndGlobal
